
Microsoft Visual Studio Solution File, Format Version 12.00
# Visual Studio Version 17
VisualStudioVersion = 17.2.32630.192
MinimumVisualStudioVersion = 10.0.40219.1
Project("{9092AA53-FB77-4645-B42D-1CCCA6BD08BD}") = "WorkerThread", "WorkerThread.njsproj", "{2CD63178-7165-40B7-BDC0-5B29B36D4F81}"
EndProject
Global
	GlobalSection(SolutionConfigurationPlatforms) = preSolution
		Debug|Any CPU = Debug|Any CPU
		Release|Any CPU = Release|Any CPU
	EndGlobalSection
	GlobalSection(ProjectConfigurationPlatforms) = postSolution
		{2CD63178-7165-40B7-BDC0-5B29B36D4F81}.Debug|Any CPU.ActiveCfg = Debug|Any CPU
		{2CD63178-7165-40B7-BDC0-5B29B36D4F81}.Debug|Any CPU.Build.0 = Debug|Any CPU
		{2CD63178-7165-40B7-BDC0-5B29B36D4F81}.Release|Any CPU.ActiveCfg = Release|Any CPU
		{2CD63178-7165-40B7-BDC0-5B29B36D4F81}.Release|Any CPU.Build.0 = Release|Any CPU
	EndGlobalSection
	GlobalSection(SolutionProperties) = preSolution
		HideSolutionNode = FALSE
	EndGlobalSection
	GlobalSection(ExtensibilityGlobals) = postSolution
		SolutionGuid = {E7EAF666-CB98-4498-ABC8-4FF1ABA95A8F}
	EndGlobalSection
EndGlobal
